
Microsoft Visual Studio Solution File, Format Version 11.00
# Visual Studio 2010
Project("{F184B08F-C81C-45F6-A57F-5ABD9991F28F}") = "dotNet", "dotNet\dotNet.vbproj", "{F6A5B340-8528-425E-81A6-234CD349C3D9}"
EndProject
Global
	GlobalSection(SolutionConfigurationPlatforms) = preSolution
		Debug|Any CPU = Debug|Any CPU
		Release|Any CPU = Release|Any CPU
	EndGlobalSection
	GlobalSection(ProjectConfigurationPlatforms) = postSolution
		{F6A5B340-8528-425E-81A6-234CD349C3D9}.Debug|Any CPU.ActiveCfg = Debug|Any CPU
		{F6A5B340-8528-425E-81A6-234CD349C3D9}.Debug|Any CPU.Build.0 = Debug|Any CPU
		{F6A5B340-8528-425E-81A6-234CD349C3D9}.Release|Any CPU.ActiveCfg = Release|Any CPU
		{F6A5B340-8528-425E-81A6-234CD349C3D9}.Release|Any CPU.Build.0 = Release|Any CPU
	EndGlobalSection
	GlobalSection(SolutionProperties) = preSolution
		HideSolutionNode = FALSE
	EndGlobalSection
EndGlobal
